
Microsoft Visual Studio Solution File, Format Version 12.00
# Visual Studio Version 17
VisualStudioVersion = 17.5.002.0
MinimumVisualStudioVersion = 10.0.40219.1
Project("{9A19103F-16F7-4668-BE54-9A1E7A4F7556}") = "lab-10", "lab-10.csproj", "{3F73A692-828A-4FCD-AD2E-AC266F543589}"
EndProject
Global
	GlobalSection(SolutionConfigurationPlatforms) = preSolution
		Debug|Any CPU = Debug|Any CPU
		Release|Any CPU = Release|Any CPU
	EndGlobalSection
	GlobalSection(ProjectConfigurationPlatforms) = postSolution
		{3F73A692-828A-4FCD-AD2E-AC266F543589}.Debug|Any CPU.ActiveCfg = Debug|Any CPU
		{3F73A692-828A-4FCD-AD2E-AC266F543589}.Debug|Any CPU.Build.0 = Debug|Any CPU
		{3F73A692-828A-4FCD-AD2E-AC266F543589}.Release|Any CPU.ActiveCfg = Release|Any CPU
		{3F73A692-828A-4FCD-AD2E-AC266F543589}.Release|Any CPU.Build.0 = Release|Any CPU
	EndGlobalSection
	GlobalSection(SolutionProperties) = preSolution
		HideSolutionNode = FALSE
	EndGlobalSection
	GlobalSection(ExtensibilityGlobals) = postSolution
		SolutionGuid = {D4744764-2202-4EF0-AEF7-795A86AAB14E}
	EndGlobalSection
EndGlobal
