
Microsoft Visual Studio Solution File, Format Version 12.00
# Visual Studio Version 17
VisualStudioVersion = 17.5.002.0
MinimumVisualStudioVersion = 10.0.40219.1
Project("{9A19103F-16F7-4668-BE54-9A1E7A4F7556}") = "lab-8", "lab-8.csproj", "{CF24ADFF-121B-4545-B203-6EC371D46ACC}"
EndProject
Global
	GlobalSection(SolutionConfigurationPlatforms) = preSolution
		Debug|Any CPU = Debug|Any CPU
		Release|Any CPU = Release|Any CPU
	EndGlobalSection
	GlobalSection(ProjectConfigurationPlatforms) = postSolution
		{CF24ADFF-121B-4545-B203-6EC371D46ACC}.Debug|Any CPU.ActiveCfg = Debug|Any CPU
		{CF24ADFF-121B-4545-B203-6EC371D46ACC}.Debug|Any CPU.Build.0 = Debug|Any CPU
		{CF24ADFF-121B-4545-B203-6EC371D46ACC}.Release|Any CPU.ActiveCfg = Release|Any CPU
		{CF24ADFF-121B-4545-B203-6EC371D46ACC}.Release|Any CPU.Build.0 = Release|Any CPU
	EndGlobalSection
	GlobalSection(SolutionProperties) = preSolution
		HideSolutionNode = FALSE
	EndGlobalSection
	GlobalSection(ExtensibilityGlobals) = postSolution
		SolutionGuid = {F7032B75-A4BD-438B-904C-0C214E0BDD3A}
	EndGlobalSection
EndGlobal
